Microsoft Visual Studio Solution File, Format Version 12.00
# Visual Studio Version 17
VisualStudioVersion = 17.5.2.0
MinimumVisualStudioVersion = 10.0.40219.1
Project("{2150E333-8FDC-42A3-9474-1A3956D46DE8}") = "06_10_25", "06_10_25", "{123C00CD-2B69-07D1-DD63-CF87DBB69E51}"
EndProject
Project("{2150E333-8FDC-42A3-9474-1A3956D46DE8}") = "08_10_25", "08_10_25", "{0C87482B-98E6-68A3-744E-CF6A9A917750}"
EndProject
Project("{2150E333-8FDC-42A3-9474-1A3956D46DE8}") = "09_10_25", "09_10_25", "{C3CD4847-0329-75C4-948D-7E5D300EA35F}"
EndProject
Project("{2150E333-8FDC-42A3-9474-1A3956D46DE8}") = "10_10_25", "10_10_25", "{755F0A06-8F45-30F0-F30E-8B5991B9B8C0}"
EndProject
Project("{2150E333-8FDC-42A3-9474-1A3956D46DE8}") = "13_10_25", "13_10_25", "{C6F3FC26-B51C-7717-F0FA-9DBA55544351}"
EndProject
Project("{2150E333-8FDC-42A3-9474-1A3956D46DE8}") = "Mattina", "Mattina", "{52EE68C3-CB9D-F11D-E001-2054CC87BA32}"
EndProject
Project("{FAE04EC0-301F-11D3-BF4B-00C04F79EFBC}") = "Gelateria_DolceGelo", "06_10_25\Mattina\Gelateria_DolceGelo\Gelateria_DolceGelo.csproj", "{1B96AB9F-C868-D763-35F6-76B43E8A840A}"
EndProject
Project("{2150E333-8FDC-42A3-9474-1A3956D46DE8}") = "Pomeriggio", "Pomeriggio", "{1314F876-4670-D6DF-C97B-AA267D16EB36}"
EndProject
Project("{FAE04EC0-301F-11D3-BF4B-00C04F79EFBC}") = "Studente", "06_10_25\Pomeriggio\Studente\Studente.csproj", "{CF7E3C60-7D3F-15FE-7650-EEE0C2604FA3}"
EndProject
Project("{2150E333-8FDC-42A3-9474-1A3956D46DE8}") = "Mattina", "Mattina", "{94F25023-3CE7-6BB9-2173-F222EA891C5D}"
EndProject
Project("{FAE04EC0-301F-11D3-BF4B-00C04F79EFBC}") = "Aereo", "08_10_25\Mattina\Aereo\Aereo.csproj", "{30CADEC8-1C3B-D5F1-A315-81BEA4F9F219}"
EndProject
Project("{FAE04EC0-301F-11D3-BF4B-00C04F79EFBC}") = "Garage", "08_10_25\Mattina\Garage\Garage.csproj", "{47D44C15-46B2-ADDC-9732-B385FD345504}"
EndProject
Project("{FAE04EC0-301F-11D3-BF4B-00C04F79EFBC}") = "Prenotazioni", "08_10_25\Mattina\Prenotazioni\Prenotazioni.csproj", "{5A634278-B7B8-3D9E-629B-04402EB5E478}"
EndProject
Project("{2150E333-8FDC-42A3-9474-1A3956D46DE8}") = "Pomeriggio", "Pomeriggio", "{AC3B89CF-340D-CEF4-983D-18B8F92E852E}"
EndProject
Project("{FAE04EC0-301F-11D3-BF4B-00C04F79EFBC}") = "Esercito", "08_10_25\Pomeriggio\Esercito\Esercito.csproj", "{44A9B890-E68C-A21E-CBCA-7CBB6AFD1B1D}"
EndProject
Project("{FAE04EC0-301F-11D3-BF4B-00C04F79EFBC}") = "Officina", "08_10_25\Pomeriggio\Officina\Officina.csproj", "{F29C51A4-B474-4A68-CDAA-2215C324FEFB}"
EndProject
Project("{2150E333-8FDC-42A3-9474-1A3956D46DE8}") = "Mattina", "Mattina", "{A7116870-4855-7F5D-3422-092AA3A2E645}"
EndProject
Project("{FAE04EC0-301F-11D3-BF4B-00C04F79EFBC}") = "Operatori", "09_10_25\Mattina\Operatori\Operatori.csproj", "{B97A7AD9-D66E-EBFB-8343-7401BE3D51C7}"
EndProject
Project("{2150E333-8FDC-42A3-9474-1A3956D46DE8}") = "Pomeriggio", "Pomeriggio", "{7AA96DF3-52E6-3EAA-2DBD-1BA6E10BB04E}"
EndProject
Project("{FAE04EC0-301F-11D3-BF4B-00C04F79EFBC}") = "Astrazione", "10_10_25\Pomeriggio\Astrazione\Astrazione.csproj", "{E272AD0C-8C4F-DB9C-C17C-49FFC925B91E}"
EndProject
Project("{FAE04EC0-301F-11D3-BF4B-00C04F79EFBC}") = "EnteFormativo", "10_10_25\Pomeriggio\EnteFormativo\EnteFormativo.csproj", "{768FB6E2-C709-FEAF-7E18-54A4A13BE59F}"
EndProject
Project("{FAE04EC0-301F-11D3-BF4B-00C04F79EFBC}") = "Pagamenti", "10_10_25\Pomeriggio\Pagamenti\Pagamenti.csproj", "{0064312E-B291-F883-5F25-16540BBFA939}"
EndProject
Project("{2150E333-8FDC-42A3-9474-1A3956D46DE8}") = "Pomeriggio", "Pomeriggio", "{8D86CA09-1F28-29DF-D59A-424D975724B0}"
EndProject
Project("{FAE04EC0-301F-11D3-BF4B-00C04F79EFBC}") = "DesignPattern", "13_10_25\Pomeriggio\DesignPattern\DesignPattern.csproj", "{93679D5A-96CD-E6DD-8DE8-D7F6357AA6B9}"
EndProject
Project("{2150E333-8FDC-42A3-9474-1A3956D46DE8}") = "Studente (1)", "Studente (1)", "{1AA5935F-CEA0-14D7-077C-60BAC0E3BA3A}"
EndProject
Project("{FAE04EC0-301F-11D3-BF4B-00C04F79EFBC}") = "Studente", "06_10_25\Pomeriggio\Studente\Studente\Studente.csproj", "{AE73CE51-CDDB-BDD0-BC16-D0C883754A9F}"
EndProject
Project("{2150E333-8FDC-42A3-9474-1A3956D46DE8}") = "Mattina", "Mattina", "{E5EF06CB-D82D-7119-DD2D-9946C794FCDD}"
EndProject
Project("{2150E333-8FDC-42A3-9474-1A3956D46DE8}") = "esame", "esame", "{2FDD7E01-9F52-A982-1906-11353794716B}"
EndProject
Project("{FAE04EC0-301F-11D3-BF4B-00C04F79EFBC}") = "ThreeRules", "10_10_25\Mattina\esame\ThreeRules\ThreeRules.csproj", "{A818E457-3DB4-36D9-413C-7D17F917F843}"
EndProject
Project("{2150E333-8FDC-42A3-9474-1A3956D46DE8}") = "Pagamenti (1)", "Pagamenti (1)", "{D2F4AADF-CA1C-9D7A-EB02-A32CEAB4CB22}"
EndProject
Project("{FAE04EC0-301F-11D3-BF4B-00C04F79EFBC}") = "Pagamenti", "10_10_25\Pomeriggio\Pagamenti\Pagamenti\Pagamenti.csproj", "{34F2D03E-15D0-A679-0CBF-D538CE2B9EB6}"
EndProject
Global
	GlobalSection(SolutionConfigurationPlatforms) = preSolution
		Debug|Any CPU = Debug|Any CPU
		Release|Any CPU = Release|Any CPU
	EndGlobalSection
	GlobalSection(ProjectConfigurationPlatforms) = postSolution
		{1B96AB9F-C868-D763-35F6-76B43E8A840A}.Debug|Any CPU.ActiveCfg = Debug|Any CPU
		{1B96AB9F-C868-D763-35F6-76B43E8A840A}.Debug|Any CPU.Build.0 = Debug|Any CPU
		{1B96AB9F-C868-D763-35F6-76B43E8A840A}.Release|Any CPU.ActiveCfg = Release|Any CPU
		{1B96AB9F-C868-D763-35F6-76B43E8A840A}.Release|Any CPU.Build.0 = Release|Any CPU
		{CF7E3C60-7D3F-15FE-7650-EEE0C2604FA3}.Debug|Any CPU.ActiveCfg = Debug|Any CPU
		{CF7E3C60-7D3F-15FE-7650-EEE0C2604FA3}.Debug|Any CPU.Build.0 = Debug|Any CPU
		{CF7E3C60-7D3F-15FE-7650-EEE0C2604FA3}.Release|Any CPU.ActiveCfg = Release|Any CPU
		{CF7E3C60-7D3F-15FE-7650-EEE0C2604FA3}.Release|Any CPU.Build.0 = Release|Any CPU
		{30CADEC8-1C3B-D5F1-A315-81BEA4F9F219}.Debug|Any CPU.ActiveCfg = Debug|Any CPU
		{30CADEC8-1C3B-D5F1-A315-81BEA4F9F219}.Debug|Any CPU.Build.0 = Debug|Any CPU
		{30CADEC8-1C3B-D5F1-A315-81BEA4F9F219}.Release|Any CPU.ActiveCfg = Release|Any CPU
		{30CADEC8-1C3B-D5F1-A315-81BEA4F9F219}.Release|Any CPU.Build.0 = Release|Any CPU
		{47D44C15-46B2-ADDC-9732-B385FD345504}.Debug|Any CPU.ActiveCfg = Debug|Any CPU
		{47D44C15-46B2-ADDC-9732-B385FD345504}.Debug|Any CPU.Build.0 = Debug|Any CPU
		{47D44C15-46B2-ADDC-9732-B385FD345504}.Release|Any CPU.ActiveCfg = Release|Any CPU
		{47D44C15-46B2-ADDC-9732-B385FD345504}.Release|Any CPU.Build.0 = Release|Any CPU
		{5A634278-B7B8-3D9E-629B-04402EB5E478}.Debug|Any CPU.ActiveCfg = Debug|Any CPU
		{5A634278-B7B8-3D9E-629B-04402EB5E478}.Debug|Any CPU.Build.0 = Debug|Any CPU
		{5A634278-B7B8-3D9E-629B-04402EB5E478}.Release|Any CPU.ActiveCfg = Release|Any CPU
		{5A634278-B7B8-3D9E-629B-04402EB5E478}.Release|Any CPU.Build.0 = Release|Any CPU
		{44A9B890-E68C-A21E-CBCA-7CBB6AFD1B1D}.Debug|Any CPU.ActiveCfg = Debug|Any CPU
		{44A9B890-E68C-A21E-CBCA-7CBB6AFD1B1D}.Debug|Any CPU.Build.0 = Debug|Any CPU
		{44A9B890-E68C-A21E-CBCA-7CBB6AFD1B1D}.Release|Any CPU.ActiveCfg = Release|Any CPU
		{44A9B890-E68C-A21E-CBCA-7CBB6AFD1B1D}.Release|Any CPU.Build.0 = Release|Any CPU
		{F29C51A4-B474-4A68-CDAA-2215C324FEFB}.Debug|Any CPU.ActiveCfg = Debug|Any CPU
		{F29C51A4-B474-4A68-CDAA-2215C324FEFB}.Debug|Any CPU.Build.0 = Debug|Any CPU
		{F29C51A4-B474-4A68-CDAA-2215C324FEFB}.Release|Any CPU.ActiveCfg = Release|Any CPU
		{F29C51A4-B474-4A68-CDAA-2215C324FEFB}.Release|Any CPU.Build.0 = Release|Any CPU
		{B97A7AD9-D66E-EBFB-8343-7401BE3D51C7}.Debug|Any CPU.ActiveCfg = Debug|Any CPU
		{B97A7AD9-D66E-EBFB-8343-7401BE3D51C7}.Debug|Any CPU.Build.0 = Debug|Any CPU
		{B97A7AD9-D66E-EBFB-8343-7401BE3D51C7}.Release|Any CPU.ActiveCfg = Release|Any CPU
		{B97A7AD9-D66E-EBFB-8343-7401BE3D51C7}.Release|Any CPU.Build.0 = Release|Any CPU
		{E272AD0C-8C4F-DB9C-C17C-49FFC925B91E}.Debug|Any CPU.ActiveCfg = Debug|Any CPU
		{E272AD0C-8C4F-DB9C-C17C-49FFC925B91E}.Debug|Any CPU.Build.0 = Debug|Any CPU
		{E272AD0C-8C4F-DB9C-C17C-49FFC925B91E}.Release|Any CPU.ActiveCfg = Release|Any CPU
		{E272AD0C-8C4F-DB9C-C17C-49FFC925B91E}.Release|Any CPU.Build.0 = Release|Any CPU
		{768FB6E2-C709-FEAF-7E18-54A4A13BE59F}.Debug|Any CPU.ActiveCfg = Debug|Any CPU
		{768FB6E2-C709-FEAF-7E18-54A4A13BE59F}.Debug|Any CPU.Build.0 = Debug|Any CPU
		{768FB6E2-C709-FEAF-7E18-54A4A13BE59F}.Release|Any CPU.ActiveCfg = Release|Any CPU
		{768FB6E2-C709-FEAF-7E18-54A4A13BE59F}.Release|Any CPU.Build.0 = Release|Any CPU
		{0064312E-B291-F883-5F25-16540BBFA939}.Debug|Any CPU.ActiveCfg = Debug|Any CPU
		{0064312E-B291-F883-5F25-16540BBFA939}.Debug|Any CPU.Build.0 = Debug|Any CPU
		{0064312E-B291-F883-5F25-16540BBFA939}.Release|Any CPU.ActiveCfg = Release|Any CPU
		{0064312E-B291-F883-5F25-16540BBFA939}.Release|Any CPU.Build.0 = Release|Any CPU
		{93679D5A-96CD-E6DD-8DE8-D7F6357AA6B9}.Debug|Any CPU.ActiveCfg = Debug|Any CPU
		{93679D5A-96CD-E6DD-8DE8-D7F6357AA6B9}.Debug|Any CPU.Build.0 = Debug|Any CPU
		{93679D5A-96CD-E6DD-8DE8-D7F6357AA6B9}.Release|Any CPU.ActiveCfg = Release|Any CPU
		{93679D5A-96CD-E6DD-8DE8-D7F6357AA6B9}.Release|Any CPU.Build.0 = Release|Any CPU
		{AE73CE51-CDDB-BDD0-BC16-D0C883754A9F}.Debug|Any CPU.ActiveCfg = Debug|Any CPU
		{AE73CE51-CDDB-BDD0-BC16-D0C883754A9F}.Debug|Any CPU.Build.0 = Debug|Any CPU
		{AE73CE51-CDDB-BDD0-BC16-D0C883754A9F}.Release|Any CPU.ActiveCfg = Release|Any CPU
		{AE73CE51-CDDB-BDD0-BC16-D0C883754A9F}.Release|Any CPU.Build.0 = Release|Any CPU
		{A818E457-3DB4-36D9-413C-7D17F917F843}.Debug|Any CPU.ActiveCfg = Debug|Any CPU
		{A818E457-3DB4-36D9-413C-7D17F917F843}.Debug|Any CPU.Build.0 = Debug|Any CPU
		{A818E457-3DB4-36D9-413C-7D17F917F843}.Release|Any CPU.ActiveCfg = Release|Any CPU
		{A818E457-3DB4-36D9-413C-7D17F917F843}.Release|Any CPU.Build.0 = Release|Any CPU
		{34F2D03E-15D0-A679-0CBF-D538CE2B9EB6}.Debug|Any CPU.ActiveCfg = Debug|Any CPU
		{34F2D03E-15D0-A679-0CBF-D538CE2B9EB6}.Debug|Any CPU.Build.0 = Debug|Any CPU
		{34F2D03E-15D0-A679-0CBF-D538CE2B9EB6}.Release|Any CPU.ActiveCfg = Release|Any CPU
		{34F2D03E-15D0-A679-0CBF-D538CE2B9EB6}.Release|Any CPU.Build.0 = Release|Any CPU
	EndGlobalSection
	GlobalSection(SolutionProperties) = preSolution
		HideSolutionNode = FALSE
	EndGlobalSection
	GlobalSection(NestedProjects) = preSolution
		{52EE68C3-CB9D-F11D-E001-2054CC87BA32} = {123C00CD-2B69-07D1-DD63-CF87DBB69E51}
		{1B96AB9F-C868-D763-35F6-76B43E8A840A} = {52EE68C3-CB9D-F11D-E001-2054CC87BA32}
		{1314F876-4670-D6DF-C97B-AA267D16EB36} = {123C00CD-2B69-07D1-DD63-CF87DBB69E51}
		{CF7E3C60-7D3F-15FE-7650-EEE0C2604FA3} = {1314F876-4670-D6DF-C97B-AA267D16EB36}
		{94F25023-3CE7-6BB9-2173-F222EA891C5D} = {0C87482B-98E6-68A3-744E-CF6A9A917750}
		{30CADEC8-1C3B-D5F1-A315-81BEA4F9F219} = {94F25023-3CE7-6BB9-2173-F222EA891C5D}
		{47D44C15-46B2-ADDC-9732-B385FD345504} = {94F25023-3CE7-6BB9-2173-F222EA891C5D}
		{5A634278-B7B8-3D9E-629B-04402EB5E478} = {94F25023-3CE7-6BB9-2173-F222EA891C5D}
		{AC3B89CF-340D-CEF4-983D-18B8F92E852E} = {0C87482B-98E6-68A3-744E-CF6A9A917750}
		{44A9B890-E68C-A21E-CBCA-7CBB6AFD1B1D} = {AC3B89CF-340D-CEF4-983D-18B8F92E852E}
		{F29C51A4-B474-4A68-CDAA-2215C324FEFB} = {AC3B89CF-340D-CEF4-983D-18B8F92E852E}
		{A7116870-4855-7F5D-3422-092AA3A2E645} = {C3CD4847-0329-75C4-948D-7E5D300EA35F}
		{B97A7AD9-D66E-EBFB-8343-7401BE3D51C7} = {A7116870-4855-7F5D-3422-092AA3A2E645}
		{7AA96DF3-52E6-3EAA-2DBD-1BA6E10BB04E} = {755F0A06-8F45-30F0-F30E-8B5991B9B8C0}
		{E272AD0C-8C4F-DB9C-C17C-49FFC925B91E} = {7AA96DF3-52E6-3EAA-2DBD-1BA6E10BB04E}
		{768FB6E2-C709-FEAF-7E18-54A4A13BE59F} = {7AA96DF3-52E6-3EAA-2DBD-1BA6E10BB04E}
		{0064312E-B291-F883-5F25-16540BBFA939} = {7AA96DF3-52E6-3EAA-2DBD-1BA6E10BB04E}
		{8D86CA09-1F28-29DF-D59A-424D975724B0} = {C6F3FC26-B51C-7717-F0FA-9DBA55544351}
		{93679D5A-96CD-E6DD-8DE8-D7F6357AA6B9} = {8D86CA09-1F28-29DF-D59A-424D975724B0}
		{1AA5935F-CEA0-14D7-077C-60BAC0E3BA3A} = {1314F876-4670-D6DF-C97B-AA267D16EB36}
		{AE73CE51-CDDB-BDD0-BC16-D0C883754A9F} = {1AA5935F-CEA0-14D7-077C-60BAC0E3BA3A}
		{E5EF06CB-D82D-7119-DD2D-9946C794FCDD} = {755F0A06-8F45-30F0-F30E-8B5991B9B8C0}
		{2FDD7E01-9F52-A982-1906-11353794716B} = {E5EF06CB-D82D-7119-DD2D-9946C794FCDD}
		{A818E457-3DB4-36D9-413C-7D17F917F843} = {2FDD7E01-9F52-A982-1906-11353794716B}
		{D2F4AADF-CA1C-9D7A-EB02-A32CEAB4CB22} = {7AA96DF3-52E6-3EAA-2DBD-1BA6E10BB04E}
		{34F2D03E-15D0-A679-0CBF-D538CE2B9EB6} = {D2F4AADF-CA1C-9D7A-EB02-A32CEAB4CB22}
	EndGlobalSection
	GlobalSection(ExtensibilityGlobals) = postSolution
		SolutionGuid = {665E5FF7-6C04-46FE-A273-3EF9EE9108E2}
	EndGlobalSection
EndGlobal
